
Microsoft Visual Studio Solution File, Format Version 12.00
# Visual Studio Version 17
VisualStudioVersion = 17.13.35931.197 d17.13
MinimumVisualStudioVersion = 10.0.40219.1
Project("{FAE04EC0-301F-11D3-BF4B-00C04F79EFBC}") = "AirPollutionMap", "AirPollutionMap.csproj", "{1CFDED27-BC45-4E29-9DD9-3FD5ECC0820A}"
EndProject
Global
	GlobalSection(SolutionConfigurationPlatforms) = preSolution
		Debug|Any CPU = Debug|Any CPU
		Release|Any CPU = Release|Any CPU
	EndGlobalSection
	GlobalSection(ProjectConfigurationPlatforms) = postSolution
		{1CFDED27-BC45-4E29-9DD9-3FD5ECC0820A}.Debug|Any CPU.ActiveCfg = Debug|Any CPU
		{1CFDED27-BC45-4E29-9DD9-3FD5ECC0820A}.Debug|Any CPU.Build.0 = Debug|Any CPU
		{1CFDED27-BC45-4E29-9DD9-3FD5ECC0820A}.Release|Any CPU.ActiveCfg = Release|Any CPU
		{1CFDED27-BC45-4E29-9DD9-3FD5ECC0820A}.Release|Any CPU.Build.0 = Release|Any CPU
	EndGlobalSection
	GlobalSection(SolutionProperties) = preSolution
		HideSolutionNode = FALSE
	EndGlobalSection
	GlobalSection(ExtensibilityGlobals) = postSolution
		SolutionGuid = {89A1D8B2-E86D-4D44-A696-5CCBB9F519C8}
	EndGlobalSection
EndGlobal
